
Microsoft Visual Studio Solution File, Format Version 11.00
# Visual Studio 2010
# SharpDevelop 5.0
Project("{FAE04EC0-301F-11D3-BF4B-00C04F79EFBC}") = "perfectSquare", "perfectSquare\perfectSquare.csproj", "{111D8558-CB48-4DF5-9A6C-AC8CC779E1DB}"
EndProject
Global
	GlobalSection(SolutionConfigurationPlatforms) = preSolution
		Debug|Any CPU = Debug|Any CPU
		Release|Any CPU = Release|Any CPU
	EndGlobalSection
	GlobalSection(ProjectConfigurationPlatforms) = postSolution
		{111D8558-CB48-4DF5-9A6C-AC8CC779E1DB}.Debug|Any CPU.ActiveCfg = Debug|Any CPU
		{111D8558-CB48-4DF5-9A6C-AC8CC779E1DB}.Debug|Any CPU.Build.0 = Debug|Any CPU
		{111D8558-CB48-4DF5-9A6C-AC8CC779E1DB}.Release|Any CPU.ActiveCfg = Release|Any CPU
		{111D8558-CB48-4DF5-9A6C-AC8CC779E1DB}.Release|Any CPU.Build.0 = Release|Any CPU
	EndGlobalSection
EndGlobal
